Microsoft Visual Studio Solution File, Format Version 9.00
# Visual Studio 2005
Project("{8BC9CEB8-8B4A-11D0-8D11-00A0C91BC942}") = "glffmpeg", "glffmpeg\glffmpeg_vc8.vcproj", "{00818D4D-6447-4F4D-97CC-2759537FE70B}"
EndProject
Project("{8BC9CEB8-8B4A-11D0-8D11-00A0C91BC942}") = "glffmpeg_example", "glffmpeg_example_vc8.vcproj", "{F58BB862-8CB8-442D-A62E-3BD9155E8963}"
	ProjectSection(ProjectDependencies) = postProject
		{00818D4D-6447-4F4D-97CC-2759537FE70B} = {00818D4D-6447-4F4D-97CC-2759537FE70B}
	EndProjectSection
EndProject
Global
	GlobalSection(SolutionConfigurationPlatforms) = preSolution
		Debug|Win32 = Debug|Win32
		Release|Win32 = Release|Win32
	EndGlobalSection
	GlobalSection(ProjectConfigurationPlatforms) = postSolution
		{00818D4D-6447-4F4D-97CC-2759537FE70B}.Debug|Win32.ActiveCfg = Debug|Win32
		{00818D4D-6447-4F4D-97CC-2759537FE70B}.Debug|Win32.Build.0 = Debug|Win32
		{00818D4D-6447-4F4D-97CC-2759537FE70B}.Release|Win32.ActiveCfg = Release|Win32
		{00818D4D-6447-4F4D-97CC-2759537FE70B}.Release|Win32.Build.0 = Release|Win32
		{F58BB862-8CB8-442D-A62E-3BD9155E8963}.Debug|Win32.ActiveCfg = Debug|Win32
		{F58BB862-8CB8-442D-A62E-3BD9155E8963}.Debug|Win32.Build.0 = Debug|Win32
		{F58BB862-8CB8-442D-A62E-3BD9155E8963}.Release|Win32.ActiveCfg = Release|Win32
		{F58BB862-8CB8-442D-A62E-3BD9155E8963}.Release|Win32.Build.0 = Release|Win32
	EndGlobalSection
	GlobalSection(SolutionProperties) = preSolution
		HideSolutionNode = FALSE
	EndGlobalSection
EndGlobal
