
Microsoft Visual Studio Solution File, Format Version 12.00
# Visual Studio 2013
VisualStudioVersion = 12.0.40629.0
MinimumVisualStudioVersion = 10.0.40219.1
Project("{8BC9CEB8-8B4A-11D0-8D11-00A0C91BC942}") = "glffmpeg", "glffmpeg\glffmpeg_vc12.vcxproj", "{00818D4D-6447-4F4D-97CC-2759537FE70B}"
EndProject
Project("{8BC9CEB8-8B4A-11D0-8D11-00A0C91BC942}") = "glffmpeg_example", "glffmpeg_example\glffmpeg_example_vc12.vcxproj", "{F58BB862-8CB8-442D-A62E-3BD9155E8963}"
	ProjectSection(ProjectDependencies) = postProject
		{00818D4D-6447-4F4D-97CC-2759537FE70B} = {00818D4D-6447-4F4D-97CC-2759537FE70B}
	EndProjectSection
EndProject
Global
	GlobalSection(SolutionConfigurationPlatforms) = preSolution
		Debug|Win32 = Debug|Win32
		Debug|x64 = Debug|x64
		Release|Win32 = Release|Win32
		Release|x64 = Release|x64
	EndGlobalSection
	GlobalSection(ProjectConfigurationPlatforms) = postSolution
		{00818D4D-6447-4F4D-97CC-2759537FE70B}.Debug|Win32.ActiveCfg = Debug|Win32
		{00818D4D-6447-4F4D-97CC-2759537FE70B}.Debug|Win32.Build.0 = Debug|Win32
		{00818D4D-6447-4F4D-97CC-2759537FE70B}.Debug|x64.ActiveCfg = Debug|x64
		{00818D4D-6447-4F4D-97CC-2759537FE70B}.Debug|x64.Build.0 = Debug|x64
		{00818D4D-6447-4F4D-97CC-2759537FE70B}.Release|Win32.ActiveCfg = Release|Win32
		{00818D4D-6447-4F4D-97CC-2759537FE70B}.Release|Win32.Build.0 = Release|Win32
		{00818D4D-6447-4F4D-97CC-2759537FE70B}.Release|x64.ActiveCfg = Release|x64
		{00818D4D-6447-4F4D-97CC-2759537FE70B}.Release|x64.Build.0 = Release|x64
		{F58BB862-8CB8-442D-A62E-3BD9155E8963}.Debug|Win32.ActiveCfg = Debug|Win32
		{F58BB862-8CB8-442D-A62E-3BD9155E8963}.Debug|Win32.Build.0 = Debug|Win32
		{F58BB862-8CB8-442D-A62E-3BD9155E8963}.Debug|x64.ActiveCfg = Debug|x64
		{F58BB862-8CB8-442D-A62E-3BD9155E8963}.Debug|x64.Build.0 = Debug|x64
		{F58BB862-8CB8-442D-A62E-3BD9155E8963}.Release|Win32.ActiveCfg = Release|Win32
		{F58BB862-8CB8-442D-A62E-3BD9155E8963}.Release|Win32.Build.0 = Release|Win32
		{F58BB862-8CB8-442D-A62E-3BD9155E8963}.Release|x64.ActiveCfg = Release|x64
		{F58BB862-8CB8-442D-A62E-3BD9155E8963}.Release|x64.Build.0 = Release|x64
	EndGlobalSection
	GlobalSection(SolutionProperties) = preSolution
		HideSolutionNode = FALSE
	EndGlobalSection
EndGlobal
